{
  "requires": true,
  "lockfileVersion": 1,
  "dependencies": {
    "simplelightbox": {
      "version": "2.4.0",
      "resolved": "https://registry.npmjs.org/simplelightbox/-/simplelightbox-2.4.0.tgz",
      "integrity": "sha512-wvZ1PdM5DfjwGhoR4o0lEvl0agj1on5fvD/9V0uDN3r8Xg60yylg9vdGZc8rqUSXc0+hRF7oFp+xD6JxXEJj2Q=="
    }
  }
}
